
Microsoft Visual Studio Solution File, Format Version 12.00
# Visual Studio Version 17
VisualStudioVersion = 17.3.32901.215
MinimumVisualStudioVersion = 10.0.40219.1
Project("{FAE04EC0-301F-11D3-BF4B-00C04F79EFBC}") = "lr_09", "lr_09\lr_09.csproj", "{4075F5A3-0CAB-4FB2-A766-A74CAECA1E1C}"
EndProject
Global
	GlobalSection(SolutionConfigurationPlatforms) = preSolution
		Debug|Any CPU = Debug|Any CPU
		Release|Any CPU = Release|Any CPU
	EndGlobalSection
	GlobalSection(ProjectConfigurationPlatforms) = postSolution
		{4075F5A3-0CAB-4FB2-A766-A74CAECA1E1C}.Debug|Any CPU.ActiveCfg = Debug|Any CPU
		{4075F5A3-0CAB-4FB2-A766-A74CAECA1E1C}.Debug|Any CPU.Build.0 = Debug|Any CPU
		{4075F5A3-0CAB-4FB2-A766-A74CAECA1E1C}.Release|Any CPU.ActiveCfg = Release|Any CPU
		{4075F5A3-0CAB-4FB2-A766-A74CAECA1E1C}.Release|Any CPU.Build.0 = Release|Any CPU
	EndGlobalSection
	GlobalSection(SolutionProperties) = preSolution
		HideSolutionNode = FALSE
	EndGlobalSection
	GlobalSection(ExtensibilityGlobals) = postSolution
		SolutionGuid = {D30F8FBC-CFB7-45C0-9A25-26C91E7FC99A}
	EndGlobalSection
EndGlobal
