
Microsoft Visual Studio Solution File, Format Version 12.00
# Visual Studio Version 17
VisualStudioVersion = 17.3.32901.215
MinimumVisualStudioVersion = 10.0.40219.1
Project("{FAE04EC0-301F-11D3-BF4B-00C04F79EFBC}") = "lr_03", "lr_03\lr_03.csproj", "{342E64A3-099C-44D1-A228-A378A9F3205E}"
EndProject
Global
	GlobalSection(SolutionConfigurationPlatforms) = preSolution
		Debug|Any CPU = Debug|Any CPU
		Release|Any CPU = Release|Any CPU
	EndGlobalSection
	GlobalSection(ProjectConfigurationPlatforms) = postSolution
		{342E64A3-099C-44D1-A228-A378A9F3205E}.Debug|Any CPU.ActiveCfg = Debug|Any CPU
		{342E64A3-099C-44D1-A228-A378A9F3205E}.Debug|Any CPU.Build.0 = Debug|Any CPU
		{342E64A3-099C-44D1-A228-A378A9F3205E}.Release|Any CPU.ActiveCfg = Release|Any CPU
		{342E64A3-099C-44D1-A228-A378A9F3205E}.Release|Any CPU.Build.0 = Release|Any CPU
	EndGlobalSection
	GlobalSection(SolutionProperties) = preSolution
		HideSolutionNode = FALSE
	EndGlobalSection
	GlobalSection(ExtensibilityGlobals) = postSolution
		SolutionGuid = {88A588AB-D626-4A62-A6FB-0DE01AE5CFF5}
	EndGlobalSection
EndGlobal
